{
  "version": 4,
  "terraform_version": "1.1.4",
  "serial": 25,
  "lineage": "2cafb05e-14cf-e6b1-6e93-c7c95c70aec9",
  "outputs": {
    "workspace_instance_guide": {
      "value": "Please open http://34.73.16.187 in your web browser and select Machine Learning Submitter.\nNote that it may take 1-2 minutes before you can access it.\nAfter the installation finishes, SSH into the instance using:\ngcloud compute --project ml-fare-prediction-347604 ssh --zone us-east1-b clouduser@workspace-vm\n",
      "type": "string"
    }
  },
  "resources": [
    {
      "mode": "managed",
      "type": "google_compute_firewall",
      "name": "default",
      "provider": "provider[\"registry.terraform.io/hashicorp/google\"]",
      "instances": [
        {
          "schema_version": 1,
          "attributes": {
            "allow": [
              {
                "ports": [
                  "22",
                  "80"
                ],
                "protocol": "tcp"
              }
            ],
            "creation_timestamp": "2022-04-18T18:38:47.811-07:00",
            "deny": [],
            "description": "",
            "destination_ranges": [],
            "direction": "INGRESS",
            "disabled": false,
            "enable_logging": null,
            "id": "projects/ml-fare-prediction-347604/global/firewalls/cloud-computing-project-image-firewall",
            "log_config": [],
            "name": "cloud-computing-project-image-firewall",
            "network": "https://www.googleapis.com/compute/v1/projects/ml-fare-prediction-347604/global/networks/default",
            "priority": 1000,
            "project": "ml-fare-prediction-347604",
            "self_link": "https://www.googleapis.com/compute/v1/projects/ml-fare-prediction-347604/global/firewalls/cloud-computing-project-image-firewall",
            "source_ranges": [
              "0.0.0.0/0"
            ],
            "source_service_accounts": null,
            "source_tags": null,
            "target_service_accounts": null,
            "target_tags": null,
            "timeouts": null
          },
          "sensitive_attributes": [],
          "private": "eyJlMmJmYjczMC1lY2FhLTExZTYtOGY4OC0zNDM2M2JjN2M0YzAiOnsiY3JlYXRlIjoxMjAwMDAwMDAwMDAwLCJkZWxldGUiOjEyMDAwMDAwMDAwMDAsInVwZGF0ZSI6MTIwMDAwMDAwMDAwMH0sInNjaGVtYV92ZXJzaW9uIjoiMSJ9"
        }
      ]
    },
    {
      "mode": "managed",
      "type": "google_compute_image",
      "name": "student-image",
      "provider": "provider[\"registry.terraform.io/hashicorp/google\"]",
      "instances": [
        {
          "schema_version": 0,
          "attributes": {
            "archive_size_bytes": 2018875968,
            "creation_timestamp": "2022-04-18T18:38:47.791-07:00",
            "description": "",
            "disk_size_gb": 20,
            "family": "",
            "guest_os_features": [],
            "id": "projects/ml-fare-prediction-347604/global/images/cloud-computing-project-image",
            "label_fingerprint": "42WmSpB8rSM=",
            "labels": null,
            "licenses": [],
            "name": "cloud-computing-project-image",
            "project": "ml-fare-prediction-347604",
            "raw_disk": [
              {
                "container_type": "TAR",
                "sha1": "",
                "source": "https://storage.googleapis.com/cc-gcp-image/images/cloud-computing-project-image-u20.tar.gz"
              }
            ],
            "self_link": "https://www.googleapis.com/compute/v1/projects/ml-fare-prediction-347604/global/images/cloud-computing-project-image",
            "source_disk": "",
            "source_image": "",
            "source_snapshot": "",
            "timeouts": {
              "create": "60m",
              "delete": "60m",
              "update": "60m"
            }
          },
          "sensitive_attributes": [],
          "private": "eyJlMmJmYjczMC1lY2FhLTExZTYtOGY4OC0zNDM2M2JjN2M0YzAiOnsiY3JlYXRlIjozNjAwMDAwMDAwMDAwLCJkZWxldGUiOjM2MDAwMDAwMDAwMDAsInVwZGF0ZSI6MzYwMDAwMDAwMDAwMH19"
        }
      ]
    },
    {
      "module": "module.workspace-vm",
      "mode": "managed",
      "type": "google_compute_instance",
      "name": "student_instance",
      "provider": "provider[\"registry.terraform.io/hashicorp/google\"]",
      "instances": [
        {
          "schema_version": 6,
          "attributes": {
            "advanced_machine_features": [],
            "allow_stopping_for_update": null,
            "attached_disk": [],
            "boot_disk": [
              {
                "auto_delete": true,
                "device_name": "persistent-disk-0",
                "disk_encryption_key_raw": "",
                "disk_encryption_key_sha256": "",
                "initialize_params": [
                  {
                    "image": "https://www.googleapis.com/compute/v1/projects/ml-fare-prediction-347604/global/images/cloud-computing-project-image",
                    "labels": {},
                    "size": 20,
                    "type": "pd-standard"
                  }
                ],
                "kms_key_self_link": "",
                "mode": "READ_WRITE",
                "source": "https://www.googleapis.com/compute/v1/projects/ml-fare-prediction-347604/zones/us-east1-b/disks/workspace-vm"
              }
            ],
            "can_ip_forward": false,
            "confidential_instance_config": [],
            "cpu_platform": "Intel Haswell",
            "current_status": "RUNNING",
            "deletion_protection": false,
            "description": "",
            "desired_status": null,
            "enable_display": false,
            "guest_accelerator": [],
            "hostname": "",
            "id": "projects/ml-fare-prediction-347604/zones/us-east1-b/instances/workspace-vm",
            "instance_id": "1233681276787207640",
            "label_fingerprint": "_X-LN4be2Iw=",
            "labels": {
              "project": "machine-learning-on-the-cloud"
            },
            "machine_type": "n1-standard-1",
            "metadata": null,
            "metadata_fingerprint": "iQs5LcYUIpA=",
            "metadata_startup_script": null,
            "min_cpu_platform": "",
            "name": "workspace-vm",
            "network_interface": [
              {
                "access_config": [
                  {
                    "nat_ip": "34.73.16.187",
                    "network_tier": "PREMIUM",
                    "public_ptr_domain_name": ""
                  }
                ],
                "alias_ip_range": [],
                "ipv6_access_config": [],
                "ipv6_access_type": "",
                "name": "nic0",
                "network": "https://www.googleapis.com/compute/v1/projects/ml-fare-prediction-347604/global/networks/default",
                "network_ip": "10.142.0.4",
                "nic_type": "",
                "queue_count": 0,
                "stack_type": "IPV4_ONLY",
                "subnetwork": "https://www.googleapis.com/compute/v1/projects/ml-fare-prediction-347604/regions/us-east1/subnetworks/default",
                "subnetwork_project": "ml-fare-prediction-347604"
              }
            ],
            "project": "ml-fare-prediction-347604",
            "reservation_affinity": [],
            "resource_policies": null,
            "scheduling": [
              {
                "automatic_restart": true,
                "min_node_cpus": 0,
                "node_affinities": [],
                "on_host_maintenance": "MIGRATE",
                "preemptible": false
              }
            ],
            "scratch_disk": [],
            "self_link": "https://www.googleapis.com/compute/v1/projects/ml-fare-prediction-347604/zones/us-east1-b/instances/workspace-vm",
            "service_account": [],
            "shielded_instance_config": [],
            "tags": null,
            "tags_fingerprint": "42WmSpB8rSM=",
            "timeouts": null,
            "zone": "us-east1-b"
          },
          "sensitive_attributes": [],
          "private": "eyJlMmJmYjczMC1lY2FhLTExZTYtOGY4OC0zNDM2M2JjN2M0YzAiOnsiY3JlYXRlIjoxMjAwMDAwMDAwMDAwLCJkZWxldGUiOjEyMDAwMDAwMDAwMDAsInVwZGF0ZSI6MTIwMDAwMDAwMDAwMH0sInNjaGVtYV92ZXJzaW9uIjoiNiJ9",
          "dependencies": [
            "google_compute_image.student-image"
          ]
        }
      ]
    }
  ]
}
